
Microsoft Visual Studio Solution File, Format Version 12.00
# Visual Studio 15
VisualStudioVersion = 15.0.27703.2035
MinimumVisualStudioVersion = 10.0.40219.1
Project("{FAE04EC0-301F-11D3-BF4B-00C04F79EFBC}") = "Vendas", "Vendas\Vendas.csproj", "{AB690947-7B0A-4135-B944-D26866207AE4}"
EndProject
Global
	GlobalSection(SolutionConfigurationPlatforms) = preSolution
		Debug|Any CPU = Debug|Any CPU
		Release|Any CPU = Release|Any CPU
	EndGlobalSection
	GlobalSection(ProjectConfigurationPlatforms) = postSolution
		{AB690947-7B0A-4135-B944-D26866207AE4}.Debug|Any CPU.ActiveCfg = Debug|Any CPU
		{AB690947-7B0A-4135-B944-D26866207AE4}.Debug|Any CPU.Build.0 = Debug|Any CPU
		{AB690947-7B0A-4135-B944-D26866207AE4}.Release|Any CPU.ActiveCfg = Release|Any CPU
		{AB690947-7B0A-4135-B944-D26866207AE4}.Release|Any CPU.Build.0 = Release|Any CPU
	EndGlobalSection
	GlobalSection(SolutionProperties) = preSolution
		HideSolutionNode = FALSE
	EndGlobalSection
	GlobalSection(ExtensibilityGlobals) = postSolution
		SolutionGuid = {F0962E54-D0C7-441F-8E1E-823BB7D3E60E}
	EndGlobalSection
EndGlobal
